
Microsoft Visual Studio Solution File, Format Version 12.00
# Visual Studio Version 16
VisualStudioVersion = 16.0.29519.87
MinimumVisualStudioVersion = 10.0.40219.1
Project("{FAE04EC0-301F-11D3-BF4B-00C04F79EFBC}") = "Dados", "Dados.csproj", "{DB553519-B632-42B8-9374-82D3DC5AB7B4}"
EndProject
Global
	GlobalSection(SolutionConfigurationPlatforms) = preSolution
		Debug|Any CPU = Debug|Any CPU
		Release|Any CPU = Release|Any CPU
	EndGlobalSection
	GlobalSection(ProjectConfigurationPlatforms) = postSolution
		{DB553519-B632-42B8-9374-82D3DC5AB7B4}.Debug|Any CPU.ActiveCfg = Debug|Any CPU
		{DB553519-B632-42B8-9374-82D3DC5AB7B4}.Debug|Any CPU.Build.0 = Debug|Any CPU
		{DB553519-B632-42B8-9374-82D3DC5AB7B4}.Release|Any CPU.ActiveCfg = Release|Any CPU
		{DB553519-B632-42B8-9374-82D3DC5AB7B4}.Release|Any CPU.Build.0 = Release|Any CPU
	EndGlobalSection
	GlobalSection(SolutionProperties) = preSolution
		HideSolutionNode = FALSE
	EndGlobalSection
	GlobalSection(ExtensibilityGlobals) = postSolution
		SolutionGuid = {55C1AAD6-6E57-4097-BA00-E63F9423A227}
	EndGlobalSection
EndGlobal
